
Microsoft Visual Studio Solution File, Format Version 11.00
# Visual Studio 2010
Project("{FAE04EC0-301F-11D3-BF4B-00C04F79EFBC}") = "MmmMethody", "MmmMethody\MmmMethody.csproj", "{E8D2F6E0-93EF-4C6B-9E2C-78AF7EF8F621}"
EndProject
Global
	GlobalSection(SolutionConfigurationPlatforms) = preSolution
		Debug|x86 = Debug|x86
		Release|x86 = Release|x86
	EndGlobalSection
	GlobalSection(ProjectConfigurationPlatforms) = postSolution
		{E8D2F6E0-93EF-4C6B-9E2C-78AF7EF8F621}.Debug|x86.ActiveCfg = Debug|x86
		{E8D2F6E0-93EF-4C6B-9E2C-78AF7EF8F621}.Debug|x86.Build.0 = Debug|x86
		{E8D2F6E0-93EF-4C6B-9E2C-78AF7EF8F621}.Release|x86.ActiveCfg = Release|x86
		{E8D2F6E0-93EF-4C6B-9E2C-78AF7EF8F621}.Release|x86.Build.0 = Release|x86
	EndGlobalSection
	GlobalSection(MonoDevelopProperties) = preSolution
		StartupItem = MmmMethody\MmmMethody.csproj
	EndGlobalSection
EndGlobal
